
Microsoft Visual Studio Solution File, Format Version 12.00
# Visual Studio Version 16
VisualStudioVersion = 16.0.30002.166
MinimumVisualStudioVersion = 10.0.40219.1
Project("{9A19103F-16F7-4668-BE54-9A1E7A4F7556}") = "Blockchain.Web", "Blockchain.Web\Blockchain.Web.csproj", "{0058A14C-9BAA-49E0-A5F3-F6CA1D1C7481}"
EndProject
Project("{9A19103F-16F7-4668-BE54-9A1E7A4F7556}") = "Blockchain.Domain", "Blockchain.Domain\Blockchain.Domain.csproj", "{21458BE6-5796-4D7A-A726-924D8D09EE37}"
EndProject
Project("{9A19103F-16F7-4668-BE54-9A1E7A4F7556}") = "Blockchain.Service", "Blockchain.Service\Blockchain.Service.csproj", "{D5C90101-FE29-4A0B-8D38-D9B76D70B4F2}"
EndProject
Project("{FAE04EC0-301F-11D3-BF4B-00C04F79EFBC}") = "Blockchain.Test", "Blockchain.Test\Blockchain.Test.csproj", "{3E664AB4-0287-4F62-9C18-F4A47483EAE8}"
EndProject
Global
	GlobalSection(SolutionConfigurationPlatforms) = preSolution
		Debug|Any CPU = Debug|Any CPU
		Release|Any CPU = Release|Any CPU
	EndGlobalSection
	GlobalSection(ProjectConfigurationPlatforms) = postSolution
		{0058A14C-9BAA-49E0-A5F3-F6CA1D1C7481}.Debug|Any CPU.ActiveCfg = Debug|Any CPU
		{0058A14C-9BAA-49E0-A5F3-F6CA1D1C7481}.Debug|Any CPU.Build.0 = Debug|Any CPU
		{0058A14C-9BAA-49E0-A5F3-F6CA1D1C7481}.Release|Any CPU.ActiveCfg = Release|Any CPU
		{0058A14C-9BAA-49E0-A5F3-F6CA1D1C7481}.Release|Any CPU.Build.0 = Release|Any CPU
		{21458BE6-5796-4D7A-A726-924D8D09EE37}.Debug|Any CPU.ActiveCfg = Debug|Any CPU
		{21458BE6-5796-4D7A-A726-924D8D09EE37}.Debug|Any CPU.Build.0 = Debug|Any CPU
		{21458BE6-5796-4D7A-A726-924D8D09EE37}.Release|Any CPU.ActiveCfg = Release|Any CPU
		{21458BE6-5796-4D7A-A726-924D8D09EE37}.Release|Any CPU.Build.0 = Release|Any CPU
		{D5C90101-FE29-4A0B-8D38-D9B76D70B4F2}.Debug|Any CPU.ActiveCfg = Debug|Any CPU
		{D5C90101-FE29-4A0B-8D38-D9B76D70B4F2}.Debug|Any CPU.Build.0 = Debug|Any CPU
		{D5C90101-FE29-4A0B-8D38-D9B76D70B4F2}.Release|Any CPU.ActiveCfg = Release|Any CPU
		{D5C90101-FE29-4A0B-8D38-D9B76D70B4F2}.Release|Any CPU.Build.0 = Release|Any CPU
		{3E664AB4-0287-4F62-9C18-F4A47483EAE8}.Debug|Any CPU.ActiveCfg = Debug|Any CPU
		{3E664AB4-0287-4F62-9C18-F4A47483EAE8}.Debug|Any CPU.Build.0 = Debug|Any CPU
		{3E664AB4-0287-4F62-9C18-F4A47483EAE8}.Release|Any CPU.ActiveCfg = Release|Any CPU
		{3E664AB4-0287-4F62-9C18-F4A47483EAE8}.Release|Any CPU.Build.0 = Release|Any CPU
	EndGlobalSection
	GlobalSection(SolutionProperties) = preSolution
		HideSolutionNode = FALSE
	EndGlobalSection
	GlobalSection(ExtensibilityGlobals) = postSolution
		SolutionGuid = {4DA43D8E-16B5-4CD7-A55D-03FCF0D826B1}
	EndGlobalSection
EndGlobal
